
Microsoft Visual Studio Solution File, Format Version 12.00
# Visual Studio Version 17
VisualStudioVersion = 17.5.002.0
MinimumVisualStudioVersion = 10.0.40219.1
Project("{9A19103F-16F7-4668-BE54-9A1E7A4F7556}") = "minimal-api", "minimal-api\minimal-api.csproj", "{4E044775-DBC1-4213-B023-7123755415D4}"
EndProject
Global
	GlobalSection(SolutionConfigurationPlatforms) = preSolution
		Debug|Any CPU = Debug|Any CPU
		Release|Any CPU = Release|Any CPU
	EndGlobalSection
	GlobalSection(ProjectConfigurationPlatforms) = postSolution
		{4E044775-DBC1-4213-B023-7123755415D4}.Debug|Any CPU.ActiveCfg = Debug|Any CPU
		{4E044775-DBC1-4213-B023-7123755415D4}.Debug|Any CPU.Build.0 = Debug|Any CPU
		{4E044775-DBC1-4213-B023-7123755415D4}.Release|Any CPU.ActiveCfg = Release|Any CPU
		{4E044775-DBC1-4213-B023-7123755415D4}.Release|Any CPU.Build.0 = Release|Any CPU
	EndGlobalSection
	GlobalSection(SolutionProperties) = preSolution
		HideSolutionNode = FALSE
	EndGlobalSection
	GlobalSection(ExtensibilityGlobals) = postSolution
		SolutionGuid = {60F2B81A-EB67-4B04-82A6-38480F7D1CAF}
	EndGlobalSection
EndGlobal
